version = 1
revision = 3
requires-python = ">=3.12"

[[package]]
name = "gonedep"
version = "0.1.0"
source = { directory = "vendored/gonedep" }

[[package]]
name = "missing-member-app"
version = "0.1.0"
source = { editable = "." }
dependencies = [
    { name = "gonedep" },
]

[package.metadata]
requires-dist = [{ name = "gonedep", directory = "vendored/gonedep" }]
